
Microsoft Visual Studio Solution File, Format Version 12.00
# Visual Studio Version 16
VisualStudioVersion = 16.0.31829.152
MinimumVisualStudioVersion = 10.0.40219.1
Project("{9A19103F-16F7-4668-BE54-9A1E7A4F7556}") = "MeuTodo", "MeuTodo.csproj", "{8593409D-EDD3-4C8D-8F5B-FB59ACA30139}"
EndProject
Global
	GlobalSection(SolutionConfigurationPlatforms) = preSolution
		Debug|Any CPU = Debug|Any CPU
		Release|Any CPU = Release|Any CPU
	EndGlobalSection
	GlobalSection(ProjectConfigurationPlatforms) = postSolution
		{8593409D-EDD3-4C8D-8F5B-FB59ACA30139}.Debug|Any CPU.ActiveCfg = Debug|Any CPU
		{8593409D-EDD3-4C8D-8F5B-FB59ACA30139}.Debug|Any CPU.Build.0 = Debug|Any CPU
		{8593409D-EDD3-4C8D-8F5B-FB59ACA30139}.Release|Any CPU.ActiveCfg = Release|Any CPU
		{8593409D-EDD3-4C8D-8F5B-FB59ACA30139}.Release|Any CPU.Build.0 = Release|Any CPU
	EndGlobalSection
	GlobalSection(SolutionProperties) = preSolution
		HideSolutionNode = FALSE
	EndGlobalSection
	GlobalSection(ExtensibilityGlobals) = postSolution
		SolutionGuid = {916BB0A5-3EFF-4AB1-9BAF-8BA1F330BBFA}
	EndGlobalSection
EndGlobal
